
Microsoft Visual Studio Solution File, Format Version 12.00
# Visual Studio Version 17
VisualStudioVersion = 17.4.33213.308
MinimumVisualStudioVersion = 10.0.40219.1
Project("{888888A0-9F3D-457C-B088-3A5042F75D52}") = "TemperaturaPython", "TemperaturaPython\TemperaturaPython.pyproj", "{A40CB3FC-612D-4EB0-864A-037F2E5DF324}"
EndProject
Global
	GlobalSection(SolutionConfigurationPlatforms) = preSolution
		Debug|Any CPU = Debug|Any CPU
		Release|Any CPU = Release|Any CPU
	EndGlobalSection
	GlobalSection(ProjectConfigurationPlatforms) = postSolution
		{A40CB3FC-612D-4EB0-864A-037F2E5DF324}.Debug|Any CPU.ActiveCfg = Debug|Any CPU
		{A40CB3FC-612D-4EB0-864A-037F2E5DF324}.Release|Any CPU.ActiveCfg = Release|Any CPU
	EndGlobalSection
	GlobalSection(SolutionProperties) = preSolution
		HideSolutionNode = FALSE
	EndGlobalSection
	GlobalSection(ExtensibilityGlobals) = postSolution
		SolutionGuid = {6CCB69BB-2DAB-4008-A738-69A98BD3AC6D}
	EndGlobalSection
EndGlobal
